{
    "name": "@loupeteam/librarybuilderproject",
    "version": "0.2.0",
    "lockfileVersion": 3,
    "requires": true,
    "packages": {
        "": {
            "name": "@loupeteam/librarybuilderproject",
            "version": "0.2.0",
            "license": "MIT",
            "dependencies": {
                "@loupeteam/librarybuilderproject": "^0.3.0",
                "@loupeteam/udpcomm": "^0.4.0"
            }
        },
        "node_modules/@loupeteam/librarybuilderproject": {
            "version": "0.3.0",
            "resolved": "https://npm.pkg.github.com/download/@loupeteam/librarybuilderproject/0.3.0/9c3c1fc98350439d618573f3b465d94e3ae1e000",
            "integrity": "sha512-kUOwhpPoqQ1DikLGFBH3c8+nsb28ayX2IpQRC0UaEg34cV4GrRoI0FvkSovc3tgrGohpyvxFPRy5C6TM5wj7JA==",
            "license": "MIT"
        },
        "node_modules/@loupeteam/udpcomm": {
            "version": "0.4.0",
            "resolved": "https://npm.pkg.github.com/download/@loupeteam/udpcomm/0.4.0/5a4983451b6d77bb843bc3c22cfdec4916a1c3bb",
            "integrity": "sha512-5Q6I6ayLVtaWztlQV7Q7xdotXbl2Itq+Phx2K8jHNKHpwyxBYGfoGCq7C5EjEfNdwaHcjoHRyJ/73R+mY/VLtQ==",
            "license": "Loupe Software License Agreement"
        }
    }
}
